// !$*UTF8*$!
{
	archiveVersion = 1;
	classes = {
	};
	objectVersion = 55;
	objects = {

/* Begin PBXBuildFile section */
		FD2C54F0273616A30002522E /* PaneraFlashPassApp.swift in Sources */ = {isa = PBXBuildFile; fileRef = FD2C54EF273616A30002522E /* PaneraFlashPassApp.swift */; };
		FD2C54F2273616A30002522E /* ContentView.swift in Sources */ = {isa = PBXBuildFile; fileRef = FD2C54F1273616A30002522E /* ContentView.swift */; };
		FD2C54F4273616A40002522E /* Assets.xcassets in Resources */ = {isa = PBXBuildFile; fileRef = FD2C54F3273616A40002522E /* Assets.xcassets */; };
		FD2C54F7273616A40002522E /* Preview Assets.xcassets in Resources */ = {isa = PBXBuildFile; fileRef = FD2C54F6273616A40002522E /* Preview Assets.xcassets */; };
		FD2C5501273616A40002522E /* PaneraFlashPassTests.swift in Sources */ = {isa = PBXBuildFile; fileRef = FD2C5500273616A40002522E /* PaneraFlashPassTests.swift */; };
		FD2C550B273616A40002522E /* PaneraFlashPassUITests.swift in Sources */ = {isa = PBXBuildFile; fileRef = FD2C550A273616A40002522E /* PaneraFlashPassUITests.swift */; };
		FD2C550D273616A40002522E /* PaneraFlashPassUITestsLaunchTests.swift in Sources */ = {isa = PBXBuildFile; fileRef = FD2C550C273616A40002522E /* PaneraFlashPassUITestsLaunchTests.swift */; };
		FD2C551C273618560002522E /* UserView.swift in Sources */ = {isa = PBXBuildFile; fileRef = FD2C551B273618560002522E /* UserView.swift */; };
		FD2C5521273619050002522E /* panera.ttf in Resources */ = {isa = PBXBuildFile; fileRef = FD2C551F273619050002522E /* panera.ttf */; };
		FD2C553E273627740002522E /* Roboto-Medium.ttf in Resources */ = {isa = PBXBuildFile; fileRef = FD2C5531273627740002522E /* Roboto-Medium.ttf */; };
		FD2C553F273627740002522E /* Roboto-Light.ttf in Resources */ = {isa = PBXBuildFile; fileRef = FD2C5532273627740002522E /* Roboto-Light.ttf */; };
		FD2C5540273627740002522E /* Roboto-Regular.ttf in Resources */ = {isa = PBXBuildFile; fileRef = FD2C5533273627740002522E /* Roboto-Regular.ttf */; };
		FD2C5541273627740002522E /* Roboto-MediumItalic.ttf in Resources */ = {isa = PBXBuildFile; fileRef = FD2C5534273627740002522E /* Roboto-MediumItalic.ttf */; };
		FD2C5542273627740002522E /* Roboto-ThinItalic.ttf in Resources */ = {isa = PBXBuildFile; fileRef = FD2C5535273627740002522E /* Roboto-ThinItalic.ttf */; };
		FD2C5543273627740002522E /* Roboto-BoldItalic.ttf in Resources */ = {isa = PBXBuildFile; fileRef = FD2C5536273627740002522E /* Roboto-BoldItalic.ttf */; };
		FD2C5544273627740002522E /* Roboto-LightItalic.ttf in Resources */ = {isa = PBXBuildFile; fileRef = FD2C5537273627740002522E /* Roboto-LightItalic.ttf */; };
		FD2C5545273627740002522E /* Roboto-Italic.ttf in Resources */ = {isa = PBXBuildFile; fileRef = FD2C5538273627740002522E /* Roboto-Italic.ttf */; };
		FD2C5546273627740002522E /* LICENSE.txt in Resources */ = {isa = PBXBuildFile; fileRef = FD2C5539273627740002522E /* LICENSE.txt */; };
		FD2C5547273627740002522E /* Roboto-BlackItalic.ttf in Resources */ = {isa = PBXBuildFile; fileRef = FD2C553A273627740002522E /* Roboto-BlackItalic.ttf */; };
		FD2C5548273627740002522E /* Roboto-Bold.ttf in Resources */ = {isa = PBXBuildFile; fileRef = FD2C553B273627740002522E /* Roboto-Bold.ttf */; };
		FD2C5549273627740002522E /* Roboto-Thin.ttf in Resources */ = {isa = PBXBuildFile; fileRef = FD2C553C273627740002522E /* Roboto-Thin.ttf */; };
		FD2C554A273627740002522E /* Roboto-Black.ttf in Resources */ = {isa = PBXBuildFile; fileRef = FD2C553D273627740002522E /* Roboto-Black.ttf */; };
		FD2C5551273632590002522E /* userCode.png in Resources */ = {isa = PBXBuildFile; fileRef = FD2C5550273632590002522E /* userCode.png */; };
		FD2C555327363FA10002522E /* userStruct.swift in Sources */ = {isa = PBXBuildFile; fileRef = FD2C555227363FA10002522E /* userStruct.swift */; };
		FD34569C2737036D00BF2270 /* example.json in Resources */ = {isa = PBXBuildFile; fileRef = FD34569B2737036D00BF2270 /* example.json */; };
/* End PBXBuildFile section */

/* Begin PBXContainerItemProxy section */
		FD2C54FD273616A40002522E /* PBXContainerItemProxy */ = {
			isa = PBXContainerItemProxy;
			containerPortal = FD2C54E4273616A30002522E /* Project object */;
			proxyType = 1;
			remoteGlobalIDString = FD2C54EB273616A30002522E;
			remoteInfo = PaneraFlashPass;
		};
		FD2C5507273616A40002522E /* PBXContainerItemProxy */ = {
			isa = PBXContainerItemProxy;
			containerPortal = FD2C54E4273616A30002522E /* Project object */;
			proxyType = 1;
			remoteGlobalIDString = FD2C54EB273616A30002522E;
			remoteInfo = PaneraFlashPass;
		};
/* End PBXContainerItemProxy section */

/* Begin PBXFileReference section */
		FD2C54EC273616A30002522E /* PaneraFlashPass.app */ = {isa = PBXFileReference; explicitFileType = wrapper.application; includeInIndex = 0; path = PaneraFlashPass.app; sourceTree = BUILT_PRODUCTS_DIR; };
		FD2C54EF273616A30002522E /* PaneraFlashPassApp.swift */ = {isa = PBXFileReference; lastKnownFileType = sourcecode.swift; path = PaneraFlashPassApp.swift; sourceTree = "<group>"; };
		FD2C54F1273616A30002522E /* ContentView.swift */ = {isa = PBXFileReference; lastKnownFileType = sourcecode.swift; path = ContentView.swift; sourceTree = "<group>"; };
		FD2C54F3273616A40002522E /* Assets.xcassets */ = {isa = PBXFileReference; lastKnownFileType = folder.assetcatalog; path = Assets.xcassets; sourceTree = "<group>"; };
		FD2C54F6273616A40002522E /* Preview Assets.xcassets */ = {isa = PBXFileReference; lastKnownFileType = folder.assetcatalog; path = "Preview Assets.xcassets"; sourceTree = "<group>"; };
		FD2C54FC273616A40002522E /* PaneraFlashPassTests.xctest */ = {isa = PBXFileReference; explicitFileType = wrapper.cfbundle; includeInIndex = 0; path = PaneraFlashPassTests.xctest; sourceTree = BUILT_PRODUCTS_DIR; };
		FD2C5500273616A40002522E /* PaneraFlashPassTests.swift */ = {isa = PBXFileReference; lastKnownFileType = sourcecode.swift; path = PaneraFlashPassTests.swift; sourceTree = "<group>"; };
		FD2C5506273616A40002522E /* PaneraFlashPassUITests.xctest */ = {isa = PBXFileReference; explicitFileType = wrapper.cfbundle; includeInIndex = 0; path = PaneraFlashPassUITests.xctest; sourceTree = BUILT_PRODUCTS_DIR; };
		FD2C550A273616A40002522E /* PaneraFlashPassUITests.swift */ = {isa = PBXFileReference; lastKnownFileType = sourcecode.swift; path = PaneraFlashPassUITests.swift; sourceTree = "<group>"; };
		FD2C550C273616A40002522E /* PaneraFlashPassUITestsLaunchTests.swift */ = {isa = PBXFileReference; lastKnownFileType = sourcecode.swift; path = PaneraFlashPassUITestsLaunchTests.swift; sourceTree = "<group>"; };
		FD2C551B273618560002522E /* UserView.swift */ = {isa = PBXFileReference; lastKnownFileType = sourcecode.swift; path = UserView.swift; sourceTree = "<group>"; };
		FD2C551F273619050002522E /* panera.ttf */ = {isa = PBXFileReference; lastKnownFileType = file; path = panera.ttf; sourceTree = "<group>"; };
		FD2C552227361EBD0002522E /* Info.plist */ = {isa = PBXFileReference; lastKnownFileType = text.plist; path = Info.plist; sourceTree = "<group>"; };
		FD2C5531273627740002522E /* Roboto-Medium.ttf */ = {isa = PBXFileReference; lastKnownFileType = file; path = "Roboto-Medium.ttf"; sourceTree = "<group>"; };
		FD2C5532273627740002522E /* Roboto-Light.ttf */ = {isa = PBXFileReference; lastKnownFileType = file; path = "Roboto-Light.ttf"; sourceTree = "<group>"; };
		FD2C5533273627740002522E /* Roboto-Regular.ttf */ = {isa = PBXFileReference; lastKnownFileType = file; path = "Roboto-Regular.ttf"; sourceTree = "<group>"; };
		FD2C5534273627740002522E /* Roboto-MediumItalic.ttf */ = {isa = PBXFileReference; lastKnownFileType = file; path = "Roboto-MediumItalic.ttf"; sourceTree = "<group>"; };
		FD2C5535273627740002522E /* Roboto-ThinItalic.ttf */ = {isa = PBXFileReference; lastKnownFileType = file; path = "Roboto-ThinItalic.ttf"; sourceTree = "<group>"; };
		FD2C5536273627740002522E /* Roboto-BoldItalic.ttf */ = {isa = PBXFileReference; lastKnownFileType = file; path = "Roboto-BoldItalic.ttf"; sourceTree = "<group>"; };
		FD2C5537273627740002522E /* Roboto-LightItalic.ttf */ = {isa = PBXFileReference; lastKnownFileType = file; path = "Roboto-LightItalic.ttf"; sourceTree = "<group>"; };
		FD2C5538273627740002522E /* Roboto-Italic.ttf */ = {isa = PBXFileReference; lastKnownFileType = file; path = "Roboto-Italic.ttf"; sourceTree = "<group>"; };
		FD2C5539273627740002522E /* LICENSE.txt */ = {isa = PBXFileReference; fileEncoding = 4; lastKnownFileType = text; path = LICENSE.txt; sourceTree = "<group>"; };
		FD2C553A273627740002522E /* Roboto-BlackItalic.ttf */ = {isa = PBXFileReference; lastKnownFileType = file; path = "Roboto-BlackItalic.ttf"; sourceTree = "<group>"; };
		FD2C553B273627740002522E /* Roboto-Bold.ttf */ = {isa = PBXFileReference; lastKnownFileType = file; path = "Roboto-Bold.ttf"; sourceTree = "<group>"; };
		FD2C553C273627740002522E /* Roboto-Thin.ttf */ = {isa = PBXFileReference; lastKnownFileType = file; path = "Roboto-Thin.ttf"; sourceTree = "<group>"; };
		FD2C553D273627740002522E /* Roboto-Black.ttf */ = {isa = PBXFileReference; lastKnownFileType = file; path = "Roboto-Black.ttf"; sourceTree = "<group>"; };
		FD2C5550273632590002522E /* userCode.png */ = {isa = PBXFileReference; lastKnownFileType = image.png; name = userCode.png; path = ../../userCode.png; sourceTree = "<group>"; };
		FD2C555227363FA10002522E /* userStruct.swift */ = {isa = PBXFileReference; lastKnownFileType = sourcecode.swift; path = userStruct.swift; sourceTree = "<group>"; };
		FD34569B2737036D00BF2270 /* example.json */ = {isa = PBXFileReference; fileEncoding = 4; lastKnownFileType = text.json; path = example.json; sourceTree = "<group>"; };
/* End PBXFileReference section */

/* Begin PBXFrameworksBuildPhase section */
		FD2C54E9273616A30002522E /* Frameworks */ = {
			isa = PBXFrameworksBuildPhase;
			buildActionMask = 2147483647;
			files = (
			);
			runOnlyForDeploymentPostprocessing = 0;
		};
		FD2C54F9273616A40002522E /* Frameworks */ = {
			isa = PBXFrameworksBuildPhase;
			buildActionMask = 2147483647;
			files = (
			);
			runOnlyForDeploymentPostprocessing = 0;
		};
		FD2C5503273616A40002522E /* Frameworks */ = {
			isa = PBXFrameworksBuildPhase;
			buildActionMask = 2147483647;
			files = (
			);
			runOnlyForDeploymentPostprocessing = 0;
		};
/* End PBXFrameworksBuildPhase section */

/* Begin PBXGroup section */
		FD2C54E3273616A30002522E = {
			isa = PBXGroup;
			children = (
				FD2C54EE273616A30002522E /* PaneraFlashPass */,
				FD2C54FF273616A40002522E /* PaneraFlashPassTests */,
				FD2C5509273616A40002522E /* PaneraFlashPassUITests */,
				FD2C54ED273616A30002522E /* Products */,
			);
			sourceTree = "<group>";
		};
		FD2C54ED273616A30002522E /* Products */ = {
			isa = PBXGroup;
			children = (
				FD2C54EC273616A30002522E /* PaneraFlashPass.app */,
				FD2C54FC273616A40002522E /* PaneraFlashPassTests.xctest */,
				FD2C5506273616A40002522E /* PaneraFlashPassUITests.xctest */,
			);
			name = Products;
			sourceTree = "<group>";
		};
		FD2C54EE273616A30002522E /* PaneraFlashPass */ = {
			isa = PBXGroup;
			children = (
				FD2C552227361EBD0002522E /* Info.plist */,
				FD2C54EF273616A30002522E /* PaneraFlashPassApp.swift */,
				FD2C5550273632590002522E /* userCode.png */,
				FD2C54F1273616A30002522E /* ContentView.swift */,
				FD2C551B273618560002522E /* UserView.swift */,
				FD2C555227363FA10002522E /* userStruct.swift */,
				FD34569A2737036D00BF2270 /* PANERA_JSON */,
				FD2C554C27362A970002522E /* Fonts */,
				FD2C54F3273616A40002522E /* Assets.xcassets */,
				FD2C54F5273616A40002522E /* Preview Content */,
			);
			path = PaneraFlashPass;
			sourceTree = "<group>";
		};
		FD2C54F5273616A40002522E /* Preview Content */ = {
			isa = PBXGroup;
			children = (
				FD2C54F6273616A40002522E /* Preview Assets.xcassets */,
			);
			path = "Preview Content";
			sourceTree = "<group>";
		};
		FD2C54FF273616A40002522E /* PaneraFlashPassTests */ = {
			isa = PBXGroup;
			children = (
				FD2C5500273616A40002522E /* PaneraFlashPassTests.swift */,
			);
			path = PaneraFlashPassTests;
			sourceTree = "<group>";
		};
		FD2C5509273616A40002522E /* PaneraFlashPassUITests */ = {
			isa = PBXGroup;
			children = (
				FD2C550A273616A40002522E /* PaneraFlashPassUITests.swift */,
				FD2C550C273616A40002522E /* PaneraFlashPassUITestsLaunchTests.swift */,
				FD2C5525273624AC0002522E /* Assets */,
			);
			path = PaneraFlashPassUITests;
			sourceTree = "<group>";
		};
		FD2C551D273619050002522E /* panera */ = {
			isa = PBXGroup;
			children = (
				FD2C551F273619050002522E /* panera.ttf */,
			);
			path = panera;
			sourceTree = "<group>";
		};
		FD2C5525273624AC0002522E /* Assets */ = {
			isa = PBXGroup;
			children = (
			);
			path = Assets;
			sourceTree = "<group>";
		};
		FD2C5530273627740002522E /* Roboto */ = {
			isa = PBXGroup;
			children = (
				FD2C5531273627740002522E /* Roboto-Medium.ttf */,
				FD2C5532273627740002522E /* Roboto-Light.ttf */,
				FD2C5533273627740002522E /* Roboto-Regular.ttf */,
				FD2C5534273627740002522E /* Roboto-MediumItalic.ttf */,
				FD2C5535273627740002522E /* Roboto-ThinItalic.ttf */,
				FD2C5536273627740002522E /* Roboto-BoldItalic.ttf */,
				FD2C5537273627740002522E /* Roboto-LightItalic.ttf */,
				FD2C5538273627740002522E /* Roboto-Italic.ttf */,
				FD2C5539273627740002522E /* LICENSE.txt */,
				FD2C553A273627740002522E /* Roboto-BlackItalic.ttf */,
				FD2C553B273627740002522E /* Roboto-Bold.ttf */,
				FD2C553C273627740002522E /* Roboto-Thin.ttf */,
				FD2C553D273627740002522E /* Roboto-Black.ttf */,
			);
			path = Roboto;
			sourceTree = "<group>";
		};
		FD2C554C27362A970002522E /* Fonts */ = {
			isa = PBXGroup;
			children = (
				FD2C5530273627740002522E /* Roboto */,
				FD2C551D273619050002522E /* panera */,
			);
			path = Fonts;
			sourceTree = "<group>";
		};
		FD34569A2737036D00BF2270 /* PANERA_JSON */ = {
			isa = PBXGroup;
			children = (
				FD34569B2737036D00BF2270 /* example.json */,
			);
			path = PANERA_JSON;
			sourceTree = "<group>";
		};
/* End PBXGroup section */

/* Begin PBXNativeTarget section */
		FD2C54EB273616A30002522E /* PaneraFlashPass */ = {
			isa = PBXNativeTarget;
			buildConfigurationList = FD2C5510273616A40002522E /* Build configuration list for PBXNativeTarget "PaneraFlashPass" */;
			buildPhases = (
				FD2C54E8273616A30002522E /* Sources */,
				FD2C54E9273616A30002522E /* Frameworks */,
				FD2C54EA273616A30002522E /* Resources */,
			);
			buildRules = (
			);
			dependencies = (
			);
			name = PaneraFlashPass;
			productName = PaneraFlashPass;
			productReference = FD2C54EC273616A30002522E /* PaneraFlashPass.app */;
			productType = "com.apple.product-type.application";
		};
		FD2C54FB273616A40002522E /* PaneraFlashPassTests */ = {
			isa = PBXNativeTarget;
			buildConfigurationList = FD2C5513273616A40002522E /* Build configuration list for PBXNativeTarget "PaneraFlashPassTests" */;
			buildPhases = (
				FD2C54F8273616A40002522E /* Sources */,
				FD2C54F9273616A40002522E /* Frameworks */,
				FD2C54FA273616A40002522E /* Resources */,
			);
			buildRules = (
			);
			dependencies = (
				FD2C54FE273616A40002522E /* PBXTargetDependency */,
			);
			name = PaneraFlashPassTests;
			productName = PaneraFlashPassTests;
			productReference = FD2C54FC273616A40002522E /* PaneraFlashPassTests.xctest */;
			productType = "com.apple.product-type.bundle.unit-test";
		};
		FD2C5505273616A40002522E /* PaneraFlashPassUITests */ = {
			isa = PBXNativeTarget;
			buildConfigurationList = FD2C5516273616A40002522E /* Build configuration list for PBXNativeTarget "PaneraFlashPassUITests" */;
			buildPhases = (
				FD2C5502273616A40002522E /* Sources */,
				FD2C5503273616A40002522E /* Frameworks */,
				FD2C5504273616A40002522E /* Resources */,
			);
			buildRules = (
			);
			dependencies = (
				FD2C5508273616A40002522E /* PBXTargetDependency */,
			);
			name = PaneraFlashPassUITests;
			productName = PaneraFlashPassUITests;
			productReference = FD2C5506273616A40002522E /* PaneraFlashPassUITests.xctest */;
			productType = "com.apple.product-type.bundle.ui-testing";
		};
/* End PBXNativeTarget section */

/* Begin PBXProject section */
		FD2C54E4273616A30002522E /* Project object */ = {
			isa = PBXProject;
			attributes = {
				BuildIndependentTargetsInParallel = 1;
				LastSwiftUpdateCheck = 1300;
				LastUpgradeCheck = 1300;
				TargetAttributes = {
					FD2C54EB273616A30002522E = {
						CreatedOnToolsVersion = 13.0;
					};
					FD2C54FB273616A40002522E = {
						CreatedOnToolsVersion = 13.0;
						TestTargetID = FD2C54EB273616A30002522E;
					};
					FD2C5505273616A40002522E = {
						CreatedOnToolsVersion = 13.0;
						TestTargetID = FD2C54EB273616A30002522E;
					};
				};
			};
			buildConfigurationList = FD2C54E7273616A30002522E /* Build configuration list for PBXProject "PaneraFlashPass" */;
			compatibilityVersion = "Xcode 13.0";
			developmentRegion = en;
			hasScannedForEncodings = 0;
			knownRegions = (
				en,
				Base,
			);
			mainGroup = FD2C54E3273616A30002522E;
			productRefGroup = FD2C54ED273616A30002522E /* Products */;
			projectDirPath = "";
			projectRoot = "";
			targets = (
				FD2C54EB273616A30002522E /* PaneraFlashPass */,
				FD2C54FB273616A40002522E /* PaneraFlashPassTests */,
				FD2C5505273616A40002522E /* PaneraFlashPassUITests */,
			);
		};
/* End PBXProject section */

/* Begin PBXResourcesBuildPhase section */
		FD2C54EA273616A30002522E /* Resources */ = {
			isa = PBXResourcesBuildPhase;
			buildActionMask = 2147483647;
			files = (
				FD2C5548273627740002522E /* Roboto-Bold.ttf in Resources */,
				FD2C5551273632590002522E /* userCode.png in Resources */,
				FD2C5546273627740002522E /* LICENSE.txt in Resources */,
				FD2C5543273627740002522E /* Roboto-BoldItalic.ttf in Resources */,
				FD2C5540273627740002522E /* Roboto-Regular.ttf in Resources */,
				FD2C5544273627740002522E /* Roboto-LightItalic.ttf in Resources */,
				FD2C553E273627740002522E /* Roboto-Medium.ttf in Resources */,
				FD2C5521273619050002522E /* panera.ttf in Resources */,
				FD34569C2737036D00BF2270 /* example.json in Resources */,
				FD2C5547273627740002522E /* Roboto-BlackItalic.ttf in Resources */,
				FD2C5549273627740002522E /* Roboto-Thin.ttf in Resources */,
				FD2C553F273627740002522E /* Roboto-Light.ttf in Resources */,
				FD2C5542273627740002522E /* Roboto-ThinItalic.ttf in Resources */,
				FD2C554A273627740002522E /* Roboto-Black.ttf in Resources */,
				FD2C5541273627740002522E /* Roboto-MediumItalic.ttf in Resources */,
				FD2C54F7273616A40002522E /* Preview Assets.xcassets in Resources */,
				FD2C5545273627740002522E /* Roboto-Italic.ttf in Resources */,
				FD2C54F4273616A40002522E /* Assets.xcassets in Resources */,
			);
			runOnlyForDeploymentPostprocessing = 0;
		};
		FD2C54FA273616A40002522E /* Resources */ = {
			isa = PBXResourcesBuildPhase;
			buildActionMask = 2147483647;
			files = (
			);
			runOnlyForDeploymentPostprocessing = 0;
		};
		FD2C5504273616A40002522E /* Resources */ = {
			isa = PBXResourcesBuildPhase;
			buildActionMask = 2147483647;
			files = (
			);
			runOnlyForDeploymentPostprocessing = 0;
		};
/* End PBXResourcesBuildPhase section */

/* Begin PBXSourcesBuildPhase section */
		FD2C54E8273616A30002522E /* Sources */ = {
			isa = PBXSourcesBuildPhase;
			buildActionMask = 2147483647;
			files = (
				FD2C54F2273616A30002522E /* ContentView.swift in Sources */,
				FD2C551C273618560002522E /* UserView.swift in Sources */,
				FD2C54F0273616A30002522E /* PaneraFlashPassApp.swift in Sources */,
				FD2C555327363FA10002522E /* userStruct.swift in Sources */,
			);
			runOnlyForDeploymentPostprocessing = 0;
		};
		FD2C54F8273616A40002522E /* Sources */ = {
			isa = PBXSourcesBuildPhase;
			buildActionMask = 2147483647;
			files = (
				FD2C5501273616A40002522E /* PaneraFlashPassTests.swift in Sources */,
			);
			runOnlyForDeploymentPostprocessing = 0;
		};
		FD2C5502273616A40002522E /* Sources */ = {
			isa = PBXSourcesBuildPhase;
			buildActionMask = 2147483647;
			files = (
				FD2C550B273616A40002522E /* PaneraFlashPassUITests.swift in Sources */,
				FD2C550D273616A40002522E /* PaneraFlashPassUITestsLaunchTests.swift in Sources */,
			);
			runOnlyForDeploymentPostprocessing = 0;
		};
/* End PBXSourcesBuildPhase section */

/* Begin PBXTargetDependency section */
		FD2C54FE273616A40002522E /* PBXTargetDependency */ = {
			isa = PBXTargetDependency;
			target = FD2C54EB273616A30002522E /* PaneraFlashPass */;
			targetProxy = FD2C54FD273616A40002522E /* PBXContainerItemProxy */;
		};
		FD2C5508273616A40002522E /* PBXTargetDependency */ = {
			isa = PBXTargetDependency;
			target = FD2C54EB273616A30002522E /* PaneraFlashPass */;
			targetProxy = FD2C5507273616A40002522E /* PBXContainerItemProxy */;
		};
/* End PBXTargetDependency section */

/* Begin XCBuildConfiguration section */
		FD2C550E273616A40002522E /* Debug */ = {
			isa = XCBuildConfiguration;
			buildSettings = {
				ALWAYS_SEARCH_USER_PATHS = NO;
				CLANG_ANALYZER_NONNULL = YES;
				CLANG_ANALYZER_NUMBER_OBJECT_CONVERSION = YES_AGGRESSIVE;
				CLANG_CXX_LANGUAGE_STANDARD = "gnu++17";
				CLANG_CXX_LIBRARY = "libc++";
				CLANG_ENABLE_MODULES = YES;
				CLANG_ENABLE_OBJC_ARC = YES;
				CLANG_ENABLE_OBJC_WEAK = YES;
				CLANG_WARN_BLOCK_CAPTURE_AUTORELEASING = YES;
				CLANG_WARN_BOOL_CONVERSION = YES;
				CLANG_WARN_COMMA = YES;
				CLANG_WARN_CONSTANT_CONVERSION = YES;
				CLANG_WARN_DEPRECATED_OBJC_IMPLEMENTATIONS = YES;
				CLANG_WARN_DIRECT_OBJC_ISA_USAGE = YES_ERROR;
				CLANG_WARN_DOCUMENTATION_COMMENTS = YES;
				CLANG_WARN_EMPTY_BODY = YES;
				CLANG_WARN_ENUM_CONVERSION = YES;
				CLANG_WARN_INFINITE_RECURSION = YES;
				CLANG_WARN_INT_CONVERSION = YES;
				CLANG_WARN_NON_LITERAL_NULL_CONVERSION = YES;
				CLANG_WARN_OBJC_IMPLICIT_RETAIN_SELF = YES;
				CLANG_WARN_OBJC_LITERAL_CONVERSION = YES;
				CLANG_WARN_OBJC_ROOT_CLASS = YES_ERROR;
				CLANG_WARN_QUOTED_INCLUDE_IN_FRAMEWORK_HEADER = YES;
				CLANG_WARN_RANGE_LOOP_ANALYSIS = YES;
				CLANG_WARN_STRICT_PROTOTYPES = YES;
				CLANG_WARN_SUSPICIOUS_MOVE = YES;
				CLANG_WARN_UNGUARDED_AVAILABILITY = YES_AGGRESSIVE;
				CLANG_WARN_UNREACHABLE_CODE = YES;
				CLANG_WARN__DUPLICATE_METHOD_MATCH = YES;
				COPY_PHASE_STRIP = NO;
				DEBUG_INFORMATION_FORMAT = dwarf;
				ENABLE_STRICT_OBJC_MSGSEND = YES;
				ENABLE_TESTABILITY = YES;
				GCC_C_LANGUAGE_STANDARD = gnu11;
				GCC_DYNAMIC_NO_PIC = NO;
				GCC_NO_COMMON_BLOCKS = YES;
				GCC_OPTIMIZATION_LEVEL = 0;
				GCC_PREPROCESSOR_DEFINITIONS = (
					"DEBUG=1",
					"$(inherited)",
				);
				GCC_WARN_64_TO_32_BIT_CONVERSION = YES;
				GCC_WARN_ABOUT_RETURN_TYPE = YES_ERROR;
				GCC_WARN_UNDECLARED_SELECTOR = YES;
				GCC_WARN_UNINITIALIZED_AUTOS = YES_AGGRESSIVE;
				GCC_WARN_UNUSED_FUNCTION = YES;
				GCC_WARN_UNUSED_VARIABLE = YES;
				IPHONEOS_DEPLOYMENT_TARGET = 15.0;
				MTL_ENABLE_DEBUG_INFO = INCLUDE_SOURCE;
				MTL_FAST_MATH = YES;
				ONLY_ACTIVE_ARCH = YES;
				SDKROOT = iphoneos;
				SWIFT_ACTIVE_COMPILATION_CONDITIONS = DEBUG;
				SWIFT_OPTIMIZATION_LEVEL = "-Onone";
			};
			name = Debug;
		};
		FD2C550F273616A40002522E /* Release */ = {
			isa = XCBuildConfiguration;
			buildSettings = {
				ALWAYS_SEARCH_USER_PATHS = NO;
				CLANG_ANALYZER_NONNULL = YES;
				CLANG_ANALYZER_NUMBER_OBJECT_CONVERSION = YES_AGGRESSIVE;
				CLANG_CXX_LANGUAGE_STANDARD = "gnu++17";
				CLANG_CXX_LIBRARY = "libc++";
				CLANG_ENABLE_MODULES = YES;
				CLANG_ENABLE_OBJC_ARC = YES;
				CLANG_ENABLE_OBJC_WEAK = YES;
				CLANG_WARN_BLOCK_CAPTURE_AUTORELEASING = YES;
				CLANG_WARN_BOOL_CONVERSION = YES;
				CLANG_WARN_COMMA = YES;
				CLANG_WARN_CONSTANT_CONVERSION = YES;
				CLANG_WARN_DEPRECATED_OBJC_IMPLEMENTATIONS = YES;
				CLANG_WARN_DIRECT_OBJC_ISA_USAGE = YES_ERROR;
				CLANG_WARN_DOCUMENTATION_COMMENTS = YES;
				CLANG_WARN_EMPTY_BODY = YES;
				CLANG_WARN_ENUM_CONVERSION = YES;
				CLANG_WARN_INFINITE_RECURSION = YES;
				CLANG_WARN_INT_CONVERSION = YES;
				CLANG_WARN_NON_LITERAL_NULL_CONVERSION = YES;
				CLANG_WARN_OBJC_IMPLICIT_RETAIN_SELF = YES;
				CLANG_WARN_OBJC_LITERAL_CONVERSION = YES;
				CLANG_WARN_OBJC_ROOT_CLASS = YES_ERROR;
				CLANG_WARN_QUOTED_INCLUDE_IN_FRAMEWORK_HEADER = YES;
				CLANG_WARN_RANGE_LOOP_ANALYSIS = YES;
				CLANG_WARN_STRICT_PROTOTYPES = YES;
				CLANG_WARN_SUSPICIOUS_MOVE = YES;
				CLANG_WARN_UNGUARDED_AVAILABILITY = YES_AGGRESSIVE;
				CLANG_WARN_UNREACHABLE_CODE = YES;
				CLANG_WARN__DUPLICATE_METHOD_MATCH = YES;
				COPY_PHASE_STRIP = NO;
				DEBUG_INFORMATION_FORMAT = "dwarf-with-dsym";
				ENABLE_NS_ASSERTIONS = NO;
				ENABLE_STRICT_OBJC_MSGSEND = YES;
				GCC_C_LANGUAGE_STANDARD = gnu11;
				GCC_NO_COMMON_BLOCKS = YES;
				GCC_WARN_64_TO_32_BIT_CONVERSION = YES;
				GCC_WARN_ABOUT_RETURN_TYPE = YES_ERROR;
				GCC_WARN_UNDECLARED_SELECTOR = YES;
				GCC_WARN_UNINITIALIZED_AUTOS = YES_AGGRESSIVE;
				GCC_WARN_UNUSED_FUNCTION = YES;
				GCC_WARN_UNUSED_VARIABLE = YES;
				IPHONEOS_DEPLOYMENT_TARGET = 15.0;
				MTL_ENABLE_DEBUG_INFO = NO;
				MTL_FAST_MATH = YES;
				SDKROOT = iphoneos;
				SWIFT_COMPILATION_MODE = wholemodule;
				SWIFT_OPTIMIZATION_LEVEL = "-O";
				VALIDATE_PRODUCT = YES;
			};
			name = Release;
		};
		FD2C5511273616A40002522E /* Debug */ = {
			isa = XCBuildConfiguration;
			buildSettings = {
				ASSETCATALOG_COMPILER_APPICON_NAME = AppIcon;
				ASSETCATALOG_COMPILER_GLOBAL_ACCENT_COLOR_NAME = AccentColor;
				CODE_SIGN_STYLE = Automatic;
				CURRENT_PROJECT_VERSION = 1;
				DEVELOPMENT_ASSET_PATHS = "\"PaneraFlashPass/Preview Content\"";
				DEVELOPMENT_TEAM = 4FDCB82NR6;
				ENABLE_PREVIEWS = YES;
				GENERATE_INFOPLIST_FILE = YES;
				INFOPLIST_FILE = PaneraFlashPass/Info.plist;
				INFOPLIST_KEY_UIApplicationSceneManifest_Generation = YES;
				INFOPLIST_KEY_UIApplicationSupportsIndirectInputEvents = YES;
				INFOPLIST_KEY_UILaunchScreen_Generation = YES;
				INFOPLIST_KEY_UISupportedInterfaceOrientations_iPad = "UIInterfaceOrientationPortrait UIInterfaceOrientationPortraitUpsideDown UIInterfaceOrientationLandscapeLeft UIInterfaceOrientationLandscapeRight";
				INFOPLIST_KEY_UISupportedInterfaceOrientations_iPhone = "UIInterfaceOrientationPortrait UIInterfaceOrientationLandscapeLeft UIInterfaceOrientationLandscapeRight";
				IPHONEOS_DEPLOYMENT_TARGET = 14.0;
				LD_RUNPATH_SEARCH_PATHS = (
					"$(inherited)",
					"@executable_path/Frameworks",
				);
				MARKETING_VERSION = 1.0;
				PRODUCT_BUNDLE_IDENTIFIER = jacobwoods45.PaneraFlashPass;
				PRODUCT_NAME = "$(TARGET_NAME)";
				SWIFT_EMIT_LOC_STRINGS = YES;
				SWIFT_VERSION = 5.0;
				TARGETED_DEVICE_FAMILY = "1,2";
			};
			name = Debug;
		};
		FD2C5512273616A40002522E /* Release */ = {
			isa = XCBuildConfiguration;
			buildSettings = {
				ASSETCATALOG_COMPILER_APPICON_NAME = AppIcon;
				ASSETCATALOG_COMPILER_GLOBAL_ACCENT_COLOR_NAME = AccentColor;
				CODE_SIGN_STYLE = Automatic;
				CURRENT_PROJECT_VERSION = 1;
				DEVELOPMENT_ASSET_PATHS = "\"PaneraFlashPass/Preview Content\"";
				DEVELOPMENT_TEAM = 4FDCB82NR6;
				ENABLE_PREVIEWS = YES;
				GENERATE_INFOPLIST_FILE = YES;
				INFOPLIST_FILE = PaneraFlashPass/Info.plist;
				INFOPLIST_KEY_UIApplicationSceneManifest_Generation = YES;
				INFOPLIST_KEY_UIApplicationSupportsIndirectInputEvents = YES;
				INFOPLIST_KEY_UILaunchScreen_Generation = YES;
				INFOPLIST_KEY_UISupportedInterfaceOrientations_iPad = "UIInterfaceOrientationPortrait UIInterfaceOrientationPortraitUpsideDown UIInterfaceOrientationLandscapeLeft UIInterfaceOrientationLandscapeRight";
				INFOPLIST_KEY_UISupportedInterfaceOrientations_iPhone = "UIInterfaceOrientationPortrait UIInterfaceOrientationLandscapeLeft UIInterfaceOrientationLandscapeRight";
				IPHONEOS_DEPLOYMENT_TARGET = 14.0;
				LD_RUNPATH_SEARCH_PATHS = (
					"$(inherited)",
					"@executable_path/Frameworks",
				);
				MARKETING_VERSION = 1.0;
				PRODUCT_BUNDLE_IDENTIFIER = jacobwoods45.PaneraFlashPass;
				PRODUCT_NAME = "$(TARGET_NAME)";
				SWIFT_EMIT_LOC_STRINGS = YES;
				SWIFT_VERSION = 5.0;
				TARGETED_DEVICE_FAMILY = "1,2";
			};
			name = Release;
		};
		FD2C5514273616A40002522E /* Debug */ = {
			isa = XCBuildConfiguration;
			buildSettings = {
				ALWAYS_EMBED_SWIFT_STANDARD_LIBRARIES = YES;
				BUNDLE_LOADER = "$(TEST_HOST)";
				CODE_SIGN_STYLE = Automatic;
				CURRENT_PROJECT_VERSION = 1;
				GENERATE_INFOPLIST_FILE = YES;
				IPHONEOS_DEPLOYMENT_TARGET = 14.0;
				LD_RUNPATH_SEARCH_PATHS = (
					"$(inherited)",
					"@executable_path/Frameworks",
					"@loader_path/Frameworks",
				);
				MARKETING_VERSION = 1.0;
				PRODUCT_BUNDLE_IDENTIFIER = jacobwoods45.PaneraFlashPassTests;
				PRODUCT_NAME = "$(TARGET_NAME)";
				SWIFT_EMIT_LOC_STRINGS = NO;
				SWIFT_VERSION = 5.0;
				TARGETED_DEVICE_FAMILY = "1,2";
				TEST_HOST = "$(BUILT_PRODUCTS_DIR)/PaneraFlashPass.app/PaneraFlashPass";
			};
			name = Debug;
		};
		FD2C5515273616A40002522E /* Release */ = {
			isa = XCBuildConfiguration;
			buildSettings = {
				ALWAYS_EMBED_SWIFT_STANDARD_LIBRARIES = YES;
				BUNDLE_LOADER = "$(TEST_HOST)";
				CODE_SIGN_STYLE = Automatic;
				CURRENT_PROJECT_VERSION = 1;
				GENERATE_INFOPLIST_FILE = YES;
				IPHONEOS_DEPLOYMENT_TARGET = 14.0;
				LD_RUNPATH_SEARCH_PATHS = (
					"$(inherited)",
					"@executable_path/Frameworks",
					"@loader_path/Frameworks",
				);
				MARKETING_VERSION = 1.0;
				PRODUCT_BUNDLE_IDENTIFIER = jacobwoods45.PaneraFlashPassTests;
				PRODUCT_NAME = "$(TARGET_NAME)";
				SWIFT_EMIT_LOC_STRINGS = NO;
				SWIFT_VERSION = 5.0;
				TARGETED_DEVICE_FAMILY = "1,2";
				TEST_HOST = "$(BUILT_PRODUCTS_DIR)/PaneraFlashPass.app/PaneraFlashPass";
			};
			name = Release;
		};
		FD2C5517273616A40002522E /* Debug */ = {
			isa = XCBuildConfiguration;
			buildSettings = {
				ALWAYS_EMBED_SWIFT_STANDARD_LIBRARIES = YES;
				CODE_SIGN_STYLE = Automatic;
				CURRENT_PROJECT_VERSION = 1;
				GENERATE_INFOPLIST_FILE = YES;
				LD_RUNPATH_SEARCH_PATHS = (
					"$(inherited)",
					"@executable_path/Frameworks",
					"@loader_path/Frameworks",
				);
				MARKETING_VERSION = 1.0;
				PRODUCT_BUNDLE_IDENTIFIER = jacobwoods45.PaneraFlashPassUITests;
				PRODUCT_NAME = "$(TARGET_NAME)";
				SWIFT_EMIT_LOC_STRINGS = NO;
				SWIFT_VERSION = 5.0;
				TARGETED_DEVICE_FAMILY = "1,2";
				TEST_TARGET_NAME = PaneraFlashPass;
			};
			name = Debug;
		};
		FD2C5518273616A40002522E /* Release */ = {
			isa = XCBuildConfiguration;
			buildSettings = {
				ALWAYS_EMBED_SWIFT_STANDARD_LIBRARIES = YES;
				CODE_SIGN_STYLE = Automatic;
				CURRENT_PROJECT_VERSION = 1;
				GENERATE_INFOPLIST_FILE = YES;
				LD_RUNPATH_SEARCH_PATHS = (
					"$(inherited)",
					"@executable_path/Frameworks",
					"@loader_path/Frameworks",
				);
				MARKETING_VERSION = 1.0;
				PRODUCT_BUNDLE_IDENTIFIER = jacobwoods45.PaneraFlashPassUITests;
				PRODUCT_NAME = "$(TARGET_NAME)";
				SWIFT_EMIT_LOC_STRINGS = NO;
				SWIFT_VERSION = 5.0;
				TARGETED_DEVICE_FAMILY = "1,2";
				TEST_TARGET_NAME = PaneraFlashPass;
			};
			name = Release;
		};
/* End XCBuildConfiguration section */

/* Begin XCConfigurationList section */
		FD2C54E7273616A30002522E /* Build configuration list for PBXProject "PaneraFlashPass" */ = {
			isa = XCConfigurationList;
			buildConfigurations = (
				FD2C550E273616A40002522E /* Debug */,
				FD2C550F273616A40002522E /* Release */,
			);
			defaultConfigurationIsVisible = 0;
			defaultConfigurationName = Release;
		};
		FD2C5510273616A40002522E /* Build configuration list for PBXNativeTarget "PaneraFlashPass" */ = {
			isa = XCConfigurationList;
			buildConfigurations = (
				FD2C5511273616A40002522E /* Debug */,
				FD2C5512273616A40002522E /* Release */,
			);
			defaultConfigurationIsVisible = 0;
			defaultConfigurationName = Release;
		};
		FD2C5513273616A40002522E /* Build configuration list for PBXNativeTarget "PaneraFlashPassTests" */ = {
			isa = XCConfigurationList;
			buildConfigurations = (
				FD2C5514273616A40002522E /* Debug */,
				FD2C5515273616A40002522E /* Release */,
			);
			defaultConfigurationIsVisible = 0;
			defaultConfigurationName = Release;
		};
		FD2C5516273616A40002522E /* Build configuration list for PBXNativeTarget "PaneraFlashPassUITests" */ = {
			isa = XCConfigurationList;
			buildConfigurations = (
				FD2C5517273616A40002522E /* Debug */,
				FD2C5518273616A40002522E /* Release */,
			);
			defaultConfigurationIsVisible = 0;
			defaultConfigurationName = Release;
		};
/* End XCConfigurationList section */
	};
	rootObject = FD2C54E4273616A30002522E /* Project object */;
}
